
Microsoft Visual Studio Solution File, Format Version 12.00
# Visual Studio Version 16
VisualStudioVersion = 16.0.30517.126
MinimumVisualStudioVersion = 10.0.40219.1
Project("{FAE04EC0-301F-11D3-BF4B-00C04F79EFBC}") = "LikeDislikeCounter", "LikeDislikeCounter.csproj", "{6AD44BA8-9BA8-4798-92FB-502D59233B11}"
EndProject
Global
	GlobalSection(SolutionConfigurationPlatforms) = preSolution
		Debug|Any CPU = Debug|Any CPU
		Release|Any CPU = Release|Any CPU
	EndGlobalSection
	GlobalSection(ProjectConfigurationPlatforms) = postSolution
		{6AD44BA8-9BA8-4798-92FB-502D59233B11}.Debug|Any CPU.ActiveCfg = Debug|Any CPU
		{6AD44BA8-9BA8-4798-92FB-502D59233B11}.Debug|Any CPU.Build.0 = Debug|Any CPU
		{6AD44BA8-9BA8-4798-92FB-502D59233B11}.Release|Any CPU.ActiveCfg = Release|Any CPU
		{6AD44BA8-9BA8-4798-92FB-502D59233B11}.Release|Any CPU.Build.0 = Release|Any CPU
	EndGlobalSection
	GlobalSection(SolutionProperties) = preSolution
		HideSolutionNode = FALSE
	EndGlobalSection
	GlobalSection(ExtensibilityGlobals) = postSolution
		SolutionGuid = {48631EA3-126B-4156-91F8-2996999C300C}
	EndGlobalSection
EndGlobal
